<Solution>
  <Project Path="AIVES.Tests/AIVES.Tests.csproj" />
  <Project Path="AIVES.WebMVC/AIVES.WebMVC.csproj" />
  <Project Path="AIVES.WebRazor/AIVES.WebRazor.csproj" />
  <Project Path="AIVES.BLL/AIVES.BLL.csproj" />
  <Project Path="AIVES.DAL/AIVES.DAL.csproj" />
  <Project Path="AIVES.DTO/AIVES.DTO.csproj" />
</Solution>
